
Microsoft Visual Studio Solution File, Format Version 12.00
# Visual Studio Version 16
VisualStudioVersion = 16.0.31729.503
MinimumVisualStudioVersion = 10.0.40219.1
Project("{FAE04EC0-301F-11D3-BF4B-00C04F79EFBC}") = "Hiking", "Hiking\Hiking.csproj", "{3803A354-7575-4E81-89F5-E11773741FBE}"
EndProject
Project("{FAE04EC0-301F-11D3-BF4B-00C04F79EFBC}") = "Hiking.Data", "Hiking.Data\Hiking.Data.csproj", "{EB882624-1C05-4E73-AB26-FFD19FE01AB8}"
EndProject
Global
	GlobalSection(SolutionConfigurationPlatforms) = preSolution
		Debug|Any CPU = Debug|Any CPU
		Release|Any CPU = Release|Any CPU
	EndGlobalSection
	GlobalSection(ProjectConfigurationPlatforms) = postSolution
		{3803A354-7575-4E81-89F5-E11773741FBE}.Debug|Any CPU.ActiveCfg = Debug|Any CPU
		{3803A354-7575-4E81-89F5-E11773741FBE}.Debug|Any CPU.Build.0 = Debug|Any CPU
		{3803A354-7575-4E81-89F5-E11773741FBE}.Release|Any CPU.ActiveCfg = Release|Any CPU
		{3803A354-7575-4E81-89F5-E11773741FBE}.Release|Any CPU.Build.0 = Release|Any CPU
		{EB882624-1C05-4E73-AB26-FFD19FE01AB8}.Debug|Any CPU.ActiveCfg = Debug|Any CPU
		{EB882624-1C05-4E73-AB26-FFD19FE01AB8}.Debug|Any CPU.Build.0 = Debug|Any CPU
		{EB882624-1C05-4E73-AB26-FFD19FE01AB8}.Release|Any CPU.ActiveCfg = Release|Any CPU
		{EB882624-1C05-4E73-AB26-FFD19FE01AB8}.Release|Any CPU.Build.0 = Release|Any CPU
	EndGlobalSection
	GlobalSection(SolutionProperties) = preSolution
		HideSolutionNode = FALSE
	EndGlobalSection
	GlobalSection(ExtensibilityGlobals) = postSolution
		SolutionGuid = {A527108D-CBC3-4EBE-95AC-D36DB0F0FD72}
	EndGlobalSection
EndGlobal
